PODS:
  - Flutter (1.0.0)
  - integration_test (0.0.1):
    - Flutter
  - keyboard_size_peek (0.1.0):
    - Flutter

DEPENDENCIES:
  - Flutter (from `Flutter`)
  - integration_test (from `.symlinks/plugins/integration_test/ios`)
  - keyboard_size_peek (from `.symlinks/plugins/keyboard_size_peek/ios`)

EXTERNAL SOURCES:
  Flutter:
    :path: Flutter
  integration_test:
    :path: ".symlinks/plugins/integration_test/ios"
  keyboard_size_peek:
    :path: ".symlinks/plugins/keyboard_size_peek/ios"

SPEC CHECKSUMS:
  Flutter: cabc95a1d2626b1b06e7179b784ebcf0c0cde467
  integration_test: 4a889634ef21a45d28d50d622cf412dc6d9f586e
  keyboard_size_peek: fb9a6454f221abf9375e58f1e3a73ff076768d57

PODFILE CHECKSUM: 3c63482e143d1b91d2d2560aee9fb04ecc74ac7e

COCOAPODS: 1.16.2
